
Microsoft Visual Studio Solution File, Format Version 12.00
# Visual Studio Version 17
VisualStudioVersion = 17.10.35013.160
MinimumVisualStudioVersion = 10.0.40219.1
Project("{FAE04EC0-301F-11D3-BF4B-00C04F79EFBC}") = "ConsoleApp1", "ConsoleApp1\ConsoleApp1.csproj", "{3B46815D-0949-4C18-ADA2-CDF43C3AF683}"
EndProject
Project("{FAE04EC0-301F-11D3-BF4B-00C04F79EFBC}") = "ConsoleApp2", "ConsoleApp2\ConsoleApp2.csproj", "{0E436DE8-2063-4584-A152-57283290769F}"
EndProject
Global
	GlobalSection(SolutionConfigurationPlatforms) = preSolution
		Debug|Any CPU = Debug|Any CPU
		Release|Any CPU = Release|Any CPU
	EndGlobalSection
	GlobalSection(ProjectConfigurationPlatforms) = postSolution
		{3B46815D-0949-4C18-ADA2-CDF43C3AF683}.Debug|Any CPU.ActiveCfg = Debug|Any CPU
		{3B46815D-0949-4C18-ADA2-CDF43C3AF683}.Debug|Any CPU.Build.0 = Debug|Any CPU
		{3B46815D-0949-4C18-ADA2-CDF43C3AF683}.Release|Any CPU.ActiveCfg = Release|Any CPU
		{3B46815D-0949-4C18-ADA2-CDF43C3AF683}.Release|Any CPU.Build.0 = Release|Any CPU
		{0E436DE8-2063-4584-A152-57283290769F}.Debug|Any CPU.ActiveCfg = Debug|Any CPU
		{0E436DE8-2063-4584-A152-57283290769F}.Debug|Any CPU.Build.0 = Debug|Any CPU
		{0E436DE8-2063-4584-A152-57283290769F}.Release|Any CPU.ActiveCfg = Release|Any CPU
		{0E436DE8-2063-4584-A152-57283290769F}.Release|Any CPU.Build.0 = Release|Any CPU
	EndGlobalSection
	GlobalSection(SolutionProperties) = preSolution
		HideSolutionNode = FALSE
	EndGlobalSection
	GlobalSection(ExtensibilityGlobals) = postSolution
		SolutionGuid = {7603F8CD-8E14-4581-93D1-CB6D81B7CBF9}
	EndGlobalSection
EndGlobal
